PODS:
  - MessageInputBar (0.1.0):
    - MessageInputBar/AttachmentManager (= 0.1.0)
    - MessageInputBar/AutocompleteManager (= 0.1.0)
  - MessageInputBar/AttachmentManager (0.1.0)
  - MessageInputBar/AutocompleteManager (0.1.0)

DEPENDENCIES:
  - MessageInputBar (from `../`)
  - MessageInputBar/AttachmentManager (from `../`)
  - MessageInputBar/AutocompleteManager (from `../`)

EXTERNAL SOURCES:
  MessageInputBar:
    :path: "../"

SPEC CHECKSUMS:
  MessageInputBar: 355bc391ea24f79b0eb47e278aa3a94165d63f53

PODFILE CHECKSUM: 59ceff645e2e779969697ee2390f43a1a67332f9

COCOAPODS: 1.5.2
