PODS:
  - MessageInputBar (0.2.0):
    - MessageInputBar/Core (= 0.2.0)
  - MessageInputBar/AttachmentManager (0.2.0):
    - MessageInputBar/Core
  - MessageInputBar/AutocompleteManager (0.2.0):
    - MessageInputBar/Core
  - MessageInputBar/Core (0.2.0)

DEPENDENCIES:
  - MessageInputBar (from `../`)
  - MessageInputBar/AttachmentManager (from `../`)
  - MessageInputBar/AutocompleteManager (from `../`)

EXTERNAL SOURCES:
  MessageInputBar:
    :path: "../"

SPEC CHECKSUMS:
  MessageInputBar: 8e2c70bc44e5bf26863d92a04eb496f8a5febf6b

PODFILE CHECKSUM: 59ceff645e2e779969697ee2390f43a1a67332f9

COCOAPODS: 1.5.3
