// !$*UTF8*$!
{
	archiveVersion = 1;
	classes = {
	};
	objectVersion = 50;
	objects = {

/* Begin PBXBuildFile section */
		3821ADD220EF3DE100DE0D1D /* Lorem.swift in Sources */ = {isa = PBXBuildFile; fileRef = 3821ADD020EF3DE100DE0D1D /* Lorem.swift */; };
		3821ADD320EF3DE100DE0D1D /* Random.swift in Sources */ = {isa = PBXBuildFile; fileRef = 3821ADD120EF3DE100DE0D1D /* Random.swift */; };
		386FB1B320C49B71006A93BA /* AppDelegate.swift in Sources */ = {isa = PBXBuildFile; fileRef = 386FB1B220C49B71006A93BA /* AppDelegate.swift */; };
		386FB1B520C49B71006A93BA /* ExampleViewController.swift in Sources */ = {isa = PBXBuildFile; fileRef = 386FB1B420C49B71006A93BA /* ExampleViewController.swift */; };
		386FB1BA20C49B72006A93BA /* Assets.xcassets in Resources */ = {isa = PBXBuildFile; fileRef = 386FB1B920C49B72006A93BA /* Assets.xcassets */; };
		386FB1BD20C49B72006A93BA /* LaunchScreen.storyboard in Resources */ = {isa = PBXBuildFile; fileRef = 386FB1BB20C49B72006A93BA /* LaunchScreen.storyboard */; };
		38C2AE7E20D488B700F8079E /* SplitViewController.swift in Sources */ = {isa = PBXBuildFile; fileRef = 38C2AE7D20D488B700F8079E /* SplitViewController.swift */; };
		38C2AE8020D4896E00F8079E /* TableViewController.swift in Sources */ = {isa = PBXBuildFile; fileRef = 38C2AE7F20D4896E00F8079E /* TableViewController.swift */; };
		38C2AE8620D48BCB00F8079E /* GitHawkInputBar.swift in Sources */ = {isa = PBXBuildFile; fileRef = 38C2AE8220D48BCB00F8079E /* GitHawkInputBar.swift */; };
		38C2AE8720D48BCB00F8079E /* SlackInputBar.swift in Sources */ = {isa = PBXBuildFile; fileRef = 38C2AE8320D48BCB00F8079E /* SlackInputBar.swift */; };
		38C2AE8820D48BCB00F8079E /* iMessageInputBar.swift in Sources */ = {isa = PBXBuildFile; fileRef = 38C2AE8420D48BCB00F8079E /* iMessageInputBar.swift */; };
		38C2AE8920D48BCB00F8079E /* FacebookInputBar.swift in Sources */ = {isa = PBXBuildFile; fileRef = 38C2AE8520D48BCB00F8079E /* FacebookInputBar.swift */; };
		38C2AE8B20D48C4C00F8079E /* ImageCell.swift in Sources */ = {isa = PBXBuildFile; fileRef = 38C2AE8A20D48C4C00F8079E /* ImageCell.swift */; };
		644B7F98CA0877F04B101C43 /* Pods_Example.framework in Frameworks */ = {isa = PBXBuildFile; fileRef = FD50089674513C9952D3B101 /* Pods_Example.framework */; };
/* End PBXBuildFile section */

/* Begin PBXFileReference section */
		3821ADD020EF3DE100DE0D1D /* Lorem.swift */ = {isa = PBXFileReference; fileEncoding = 4; lastKnownFileType = sourcecode.swift; path = Lorem.swift; sourceTree = "<group>"; };
		3821ADD120EF3DE100DE0D1D /* Random.swift */ = {isa = PBXFileReference; fileEncoding = 4; lastKnownFileType = sourcecode.swift; path = Random.swift; sourceTree = "<group>"; };
		386FB1AF20C49B71006A93BA /* Example.app */ = {isa = PBXFileReference; explicitFileType = wrapper.application; includeInIndex = 0; path = Example.app; sourceTree = BUILT_PRODUCTS_DIR; };
		386FB1B220C49B71006A93BA /* AppDelegate.swift */ = {isa = PBXFileReference; lastKnownFileType = sourcecode.swift; path = AppDelegate.swift; sourceTree = "<group>"; };
		386FB1B420C49B71006A93BA /* ExampleViewController.swift */ = {isa = PBXFileReference; lastKnownFileType = sourcecode.swift; path = ExampleViewController.swift; sourceTree = "<group>"; };
		386FB1B920C49B72006A93BA /* Assets.xcassets */ = {isa = PBXFileReference; lastKnownFileType = folder.assetcatalog; path = Assets.xcassets; sourceTree = "<group>"; };
		386FB1BC20C49B72006A93BA /* Base */ = {isa = PBXFileReference; lastKnownFileType = file.storyboard; name = Base; path = Base.lproj/LaunchScreen.storyboard; sourceTree = "<group>"; };
		386FB1BE20C49B72006A93BA /* Info.plist */ = {isa = PBXFileReference; lastKnownFileType = text.plist.xml; path = Info.plist; sourceTree = "<group>"; };
		38C2AE7D20D488B700F8079E /* SplitViewController.swift */ = {isa = PBXFileReference; lastKnownFileType = sourcecode.swift; path = SplitViewController.swift; sourceTree = "<group>"; };
		38C2AE7F20D4896E00F8079E /* TableViewController.swift */ = {isa = PBXFileReference; lastKnownFileType = sourcecode.swift; path = TableViewController.swift; sourceTree = "<group>"; };
		38C2AE8220D48BCB00F8079E /* GitHawkInputBar.swift */ = {isa = PBXFileReference; fileEncoding = 4; lastKnownFileType = sourcecode.swift; path = GitHawkInputBar.swift; sourceTree = "<group>"; };
		38C2AE8320D48BCB00F8079E /* SlackInputBar.swift */ = {isa = PBXFileReference; fileEncoding = 4; lastKnownFileType = sourcecode.swift; path = SlackInputBar.swift; sourceTree = "<group>"; };
		38C2AE8420D48BCB00F8079E /* iMessageInputBar.swift */ = {isa = PBXFileReference; fileEncoding = 4; lastKnownFileType = sourcecode.swift; path = iMessageInputBar.swift; sourceTree = "<group>"; };
		38C2AE8520D48BCB00F8079E /* FacebookInputBar.swift */ = {isa = PBXFileReference; fileEncoding = 4; lastKnownFileType = sourcecode.swift; path = FacebookInputBar.swift; sourceTree = "<group>"; };
		38C2AE8A20D48C4C00F8079E /* ImageCell.swift */ = {isa = PBXFileReference; fileEncoding = 4; lastKnownFileType = sourcecode.swift; path = ImageCell.swift; sourceTree = "<group>"; };
		E41573B0652E6E942E37F7E2 /* Pods-Example.release.xcconfig */ = {isa = PBXFileReference; includeInIndex = 1; lastKnownFileType = text.xcconfig; name = "Pods-Example.release.xcconfig"; path = "Pods/Target Support Files/Pods-Example/Pods-Example.release.xcconfig"; sourceTree = "<group>"; };
		F3640507C14B6B8B154D09F1 /* Pods-Example.debug.xcconfig */ = {isa = PBXFileReference; includeInIndex = 1; lastKnownFileType = text.xcconfig; name = "Pods-Example.debug.xcconfig"; path = "Pods/Target Support Files/Pods-Example/Pods-Example.debug.xcconfig"; sourceTree = "<group>"; };
		FD50089674513C9952D3B101 /* Pods_Example.framework */ = {isa = PBXFileReference; explicitFileType = wrapper.framework; includeInIndex = 0; path = Pods_Example.framework; sourceTree = BUILT_PRODUCTS_DIR; };
/* End PBXFileReference section */

/* Begin PBXFrameworksBuildPhase section */
		386FB1AC20C49B71006A93BA /* Frameworks */ = {
			isa = PBXFrameworksBuildPhase;
			buildActionMask = 2147483647;
			files = (
				644B7F98CA0877F04B101C43 /* Pods_Example.framework in Frameworks */,
			);
			runOnlyForDeploymentPostprocessing = 0;
		};
/* End PBXFrameworksBuildPhase section */

/* Begin PBXGroup section */
		386FB1A620C49B71006A93BA = {
			isa = PBXGroup;
			children = (
				386FB1B120C49B71006A93BA /* Example */,
				386FB1B020C49B71006A93BA /* Products */,
				BACA6E17BE88930393BC1444 /* Pods */,
				994A0F2B22ACBD91CC78EEE2 /* Frameworks */,
			);
			sourceTree = "<group>";
		};
		386FB1B020C49B71006A93BA /* Products */ = {
			isa = PBXGroup;
			children = (
				386FB1AF20C49B71006A93BA /* Example.app */,
			);
			name = Products;
			sourceTree = "<group>";
		};
		386FB1B120C49B71006A93BA /* Example */ = {
			isa = PBXGroup;
			children = (
				386FB1B220C49B71006A93BA /* AppDelegate.swift */,
				38C2AE7D20D488B700F8079E /* SplitViewController.swift */,
				38C2AE7F20D4896E00F8079E /* TableViewController.swift */,
				386FB1B420C49B71006A93BA /* ExampleViewController.swift */,
				38C2AE8A20D48C4C00F8079E /* ImageCell.swift */,
				38C2AE8120D48BBF00F8079E /* Style Examples */,
				386FB1B920C49B72006A93BA /* Assets.xcassets */,
				386FB1BB20C49B72006A93BA /* LaunchScreen.storyboard */,
				3821ADD020EF3DE100DE0D1D /* Lorem.swift */,
				3821ADD120EF3DE100DE0D1D /* Random.swift */,
				386FB1BE20C49B72006A93BA /* Info.plist */,
			);
			path = Example;
			sourceTree = "<group>";
		};
		38C2AE8120D48BBF00F8079E /* Style Examples */ = {
			isa = PBXGroup;
			children = (
				38C2AE8520D48BCB00F8079E /* FacebookInputBar.swift */,
				38C2AE8220D48BCB00F8079E /* GitHawkInputBar.swift */,
				38C2AE8420D48BCB00F8079E /* iMessageInputBar.swift */,
				38C2AE8320D48BCB00F8079E /* SlackInputBar.swift */,
			);
			path = "Style Examples";
			sourceTree = "<group>";
		};
		994A0F2B22ACBD91CC78EEE2 /* Frameworks */ = {
			isa = PBXGroup;
			children = (
				FD50089674513C9952D3B101 /* Pods_Example.framework */,
			);
			name = Frameworks;
			sourceTree = "<group>";
		};
		BACA6E17BE88930393BC1444 /* Pods */ = {
			isa = PBXGroup;
			children = (
				F3640507C14B6B8B154D09F1 /* Pods-Example.debug.xcconfig */,
				E41573B0652E6E942E37F7E2 /* Pods-Example.release.xcconfig */,
			);
			name = Pods;
			sourceTree = "<group>";
		};
/* End PBXGroup section */

/* Begin PBXNativeTarget section */
		386FB1AE20C49B71006A93BA /* Example */ = {
			isa = PBXNativeTarget;
			buildConfigurationList = 386FB1C120C49B72006A93BA /* Build configuration list for PBXNativeTarget "Example" */;
			buildPhases = (
				78AE1112D868F5A5657EB47B /* [CP] Check Pods Manifest.lock */,
				386FB1AB20C49B71006A93BA /* Sources */,
				386FB1AC20C49B71006A93BA /* Frameworks */,
				386FB1AD20C49B71006A93BA /* Resources */,
				E6110925C3486121C45F9FF6 /* [CP] Embed Pods Frameworks */,
			);
			buildRules = (
			);
			dependencies = (
			);
			name = Example;
			productName = Example;
			productReference = 386FB1AF20C49B71006A93BA /* Example.app */;
			productType = "com.apple.product-type.application";
		};
/* End PBXNativeTarget section */

/* Begin PBXProject section */
		386FB1A720C49B71006A93BA /* Project object */ = {
			isa = PBXProject;
			attributes = {
				LastSwiftUpdateCheck = 0940;
				LastUpgradeCheck = 0940;
				ORGANIZATIONNAME = MessageKit;
				TargetAttributes = {
					386FB1AE20C49B71006A93BA = {
						CreatedOnToolsVersion = 9.4;
					};
				};
			};
			buildConfigurationList = 386FB1AA20C49B71006A93BA /* Build configuration list for PBXProject "Example" */;
			compatibilityVersion = "Xcode 9.3";
			developmentRegion = en;
			hasScannedForEncodings = 0;
			knownRegions = (
				en,
				Base,
			);
			mainGroup = 386FB1A620C49B71006A93BA;
			productRefGroup = 386FB1B020C49B71006A93BA /* Products */;
			projectDirPath = "";
			projectRoot = "";
			targets = (
				386FB1AE20C49B71006A93BA /* Example */,
			);
		};
/* End PBXProject section */

/* Begin PBXResourcesBuildPhase section */
		386FB1AD20C49B71006A93BA /* Resources */ = {
			isa = PBXResourcesBuildPhase;
			buildActionMask = 2147483647;
			files = (
				386FB1BD20C49B72006A93BA /* LaunchScreen.storyboard in Resources */,
				386FB1BA20C49B72006A93BA /* Assets.xcassets in Resources */,
			);
			runOnlyForDeploymentPostprocessing = 0;
		};
/* End PBXResourcesBuildPhase section */

/* Begin PBXShellScriptBuildPhase section */
		78AE1112D868F5A5657EB47B /* [CP] Check Pods Manifest.lock */ = {
			isa = PBXShellScriptBuildPhase;
			buildActionMask = 2147483647;
			files = (
			);
			inputPaths = (
				"${PODS_PODFILE_DIR_PATH}/Podfile.lock",
				"${PODS_ROOT}/Manifest.lock",
			);
			name = "[CP] Check Pods Manifest.lock";
			outputPaths = (
				"$(DERIVED_FILE_DIR)/Pods-Example-checkManifestLockResult.txt",
			);
			runOnlyForDeploymentPostprocessing = 0;
			shellPath = /bin/sh;
			shellScript = "diff \"${PODS_PODFILE_DIR_PATH}/Podfile.lock\" \"${PODS_ROOT}/Manifest.lock\" > /dev/null\nif [ $? != 0 ] ; then\n    # print error to STDERR\n    echo \"error: The sandbox is not in sync with the Podfile.lock. Run 'pod install' or update your CocoaPods installation.\" >&2\n    exit 1\nfi\n# This output is used by Xcode 'outputs' to avoid re-running this script phase.\necho \"SUCCESS\" > \"${SCRIPT_OUTPUT_FILE_0}\"\n";
			showEnvVarsInLog = 0;
		};
		E6110925C3486121C45F9FF6 /* [CP] Embed Pods Frameworks */ = {
			isa = PBXShellScriptBuildPhase;
			buildActionMask = 2147483647;
			files = (
			);
			inputPaths = (
				"${SRCROOT}/Pods/Target Support Files/Pods-Example/Pods-Example-frameworks.sh",
				"${BUILT_PRODUCTS_DIR}/MessageInputBar/MessageInputBar.framework",
			);
			name = "[CP] Embed Pods Frameworks";
			outputPaths = (
				"${TARGET_BUILD_DIR}/${FRAMEWORKS_FOLDER_PATH}/MessageInputBar.framework",
			);
			runOnlyForDeploymentPostprocessing = 0;
			shellPath = /bin/sh;
			shellScript = "\"${SRCROOT}/Pods/Target Support Files/Pods-Example/Pods-Example-frameworks.sh\"\n";
			showEnvVarsInLog = 0;
		};
/* End PBXShellScriptBuildPhase section */

/* Begin PBXSourcesBuildPhase section */
		386FB1AB20C49B71006A93BA /* Sources */ = {
			isa = PBXSourcesBuildPhase;
			buildActionMask = 2147483647;
			files = (
				38C2AE8920D48BCB00F8079E /* FacebookInputBar.swift in Sources */,
				3821ADD220EF3DE100DE0D1D /* Lorem.swift in Sources */,
				38C2AE8820D48BCB00F8079E /* iMessageInputBar.swift in Sources */,
				38C2AE8B20D48C4C00F8079E /* ImageCell.swift in Sources */,
				38C2AE8620D48BCB00F8079E /* GitHawkInputBar.swift in Sources */,
				386FB1B520C49B71006A93BA /* ExampleViewController.swift in Sources */,
				386FB1B320C49B71006A93BA /* AppDelegate.swift in Sources */,
				38C2AE7E20D488B700F8079E /* SplitViewController.swift in Sources */,
				38C2AE8020D4896E00F8079E /* TableViewController.swift in Sources */,
				38C2AE8720D48BCB00F8079E /* SlackInputBar.swift in Sources */,
				3821ADD320EF3DE100DE0D1D /* Random.swift in Sources */,
			);
			runOnlyForDeploymentPostprocessing = 0;
		};
/* End PBXSourcesBuildPhase section */

/* Begin PBXVariantGroup section */
		386FB1BB20C49B72006A93BA /* LaunchScreen.storyboard */ = {
			isa = PBXVariantGroup;
			children = (
				386FB1BC20C49B72006A93BA /* Base */,
			);
			name = LaunchScreen.storyboard;
			sourceTree = "<group>";
		};
/* End PBXVariantGroup section */

/* Begin XCBuildConfiguration section */
		386FB1BF20C49B72006A93BA /* Debug */ = {
			isa = XCBuildConfiguration;
			buildSettings = {
				ALWAYS_SEARCH_USER_PATHS = NO;
				CLANG_ANALYZER_NONNULL = YES;
				CLANG_ANALYZER_NUMBER_OBJECT_CONVERSION = YES_AGGRESSIVE;
				CLANG_CXX_LANGUAGE_STANDARD = "gnu++14";
				CLANG_CXX_LIBRARY = "libc++";
				CLANG_ENABLE_MODULES = YES;
				CLANG_ENABLE_OBJC_ARC = YES;
				CLANG_ENABLE_OBJC_WEAK = YES;
				CLANG_WARN_BLOCK_CAPTURE_AUTORELEASING = YES;
				CLANG_WARN_BOOL_CONVERSION = YES;
				CLANG_WARN_COMMA = YES;
				CLANG_WARN_CONSTANT_CONVERSION = YES;
				CLANG_WARN_DEPRECATED_OBJC_IMPLEMENTATIONS = YES;
				CLANG_WARN_DIRECT_OBJC_ISA_USAGE = YES_ERROR;
				CLANG_WARN_DOCUMENTATION_COMMENTS = YES;
				CLANG_WARN_EMPTY_BODY = YES;
				CLANG_WARN_ENUM_CONVERSION = YES;
				CLANG_WARN_INFINITE_RECURSION = YES;
				CLANG_WARN_INT_CONVERSION = YES;
				CLANG_WARN_NON_LITERAL_NULL_CONVERSION = YES;
				CLANG_WARN_OBJC_IMPLICIT_RETAIN_SELF = YES;
				CLANG_WARN_OBJC_LITERAL_CONVERSION = YES;
				CLANG_WARN_OBJC_ROOT_CLASS = YES_ERROR;
				CLANG_WARN_RANGE_LOOP_ANALYSIS = YES;
				CLANG_WARN_STRICT_PROTOTYPES = YES;
				CLANG_WARN_SUSPICIOUS_MOVE = YES;
				CLANG_WARN_UNGUARDED_AVAILABILITY = YES_AGGRESSIVE;
				CLANG_WARN_UNREACHABLE_CODE = YES;
				CLANG_WARN__DUPLICATE_METHOD_MATCH = YES;
				CODE_SIGN_IDENTITY = "iPhone Developer";
				COPY_PHASE_STRIP = NO;
				DEBUG_INFORMATION_FORMAT = dwarf;
				ENABLE_STRICT_OBJC_MSGSEND = YES;
				ENABLE_TESTABILITY = YES;
				GCC_C_LANGUAGE_STANDARD = gnu11;
				GCC_DYNAMIC_NO_PIC = NO;
				GCC_NO_COMMON_BLOCKS = YES;
				GCC_OPTIMIZATION_LEVEL = 0;
				GCC_PREPROCESSOR_DEFINITIONS = (
					"DEBUG=1",
					"$(inherited)",
				);
				GCC_WARN_64_TO_32_BIT_CONVERSION = YES;
				GCC_WARN_ABOUT_RETURN_TYPE = YES_ERROR;
				GCC_WARN_UNDECLARED_SELECTOR = YES;
				GCC_WARN_UNINITIALIZED_AUTOS = YES_AGGRESSIVE;
				GCC_WARN_UNUSED_FUNCTION = YES;
				GCC_WARN_UNUSED_VARIABLE = YES;
				IPHONEOS_DEPLOYMENT_TARGET = 11.4;
				MTL_ENABLE_DEBUG_INFO = YES;
				ONLY_ACTIVE_ARCH = YES;
				SDKROOT = iphoneos;
				SWIFT_ACTIVE_COMPILATION_CONDITIONS = DEBUG;
				SWIFT_OPTIMIZATION_LEVEL = "-Onone";
			};
			name = Debug;
		};
		386FB1C020C49B72006A93BA /* Release */ = {
			isa = XCBuildConfiguration;
			buildSettings = {
				ALWAYS_SEARCH_USER_PATHS = NO;
				CLANG_ANALYZER_NONNULL = YES;
				CLANG_ANALYZER_NUMBER_OBJECT_CONVERSION = YES_AGGRESSIVE;
				CLANG_CXX_LANGUAGE_STANDARD = "gnu++14";
				CLANG_CXX_LIBRARY = "libc++";
				CLANG_ENABLE_MODULES = YES;
				CLANG_ENABLE_OBJC_ARC = YES;
				CLANG_ENABLE_OBJC_WEAK = YES;
				CLANG_WARN_BLOCK_CAPTURE_AUTORELEASING = YES;
				CLANG_WARN_BOOL_CONVERSION = YES;
				CLANG_WARN_COMMA = YES;
				CLANG_WARN_CONSTANT_CONVERSION = YES;
				CLANG_WARN_DEPRECATED_OBJC_IMPLEMENTATIONS = YES;
				CLANG_WARN_DIRECT_OBJC_ISA_USAGE = YES_ERROR;
				CLANG_WARN_DOCUMENTATION_COMMENTS = YES;
				CLANG_WARN_EMPTY_BODY = YES;
				CLANG_WARN_ENUM_CONVERSION = YES;
				CLANG_WARN_INFINITE_RECURSION = YES;
				CLANG_WARN_INT_CONVERSION = YES;
				CLANG_WARN_NON_LITERAL_NULL_CONVERSION = YES;
				CLANG_WARN_OBJC_IMPLICIT_RETAIN_SELF = YES;
				CLANG_WARN_OBJC_LITERAL_CONVERSION = YES;
				CLANG_WARN_OBJC_ROOT_CLASS = YES_ERROR;
				CLANG_WARN_RANGE_LOOP_ANALYSIS = YES;
				CLANG_WARN_STRICT_PROTOTYPES = YES;
				CLANG_WARN_SUSPICIOUS_MOVE = YES;
				CLANG_WARN_UNGUARDED_AVAILABILITY = YES_AGGRESSIVE;
				CLANG_WARN_UNREACHABLE_CODE = YES;
				CLANG_WARN__DUPLICATE_METHOD_MATCH = YES;
				CODE_SIGN_IDENTITY = "iPhone Developer";
				COPY_PHASE_STRIP = NO;
				DEBUG_INFORMATION_FORMAT = "dwarf-with-dsym";
				ENABLE_NS_ASSERTIONS = NO;
				ENABLE_STRICT_OBJC_MSGSEND = YES;
				GCC_C_LANGUAGE_STANDARD = gnu11;
				GCC_NO_COMMON_BLOCKS = YES;
				GCC_WARN_64_TO_32_BIT_CONVERSION = YES;
				GCC_WARN_ABOUT_RETURN_TYPE = YES_ERROR;
				GCC_WARN_UNDECLARED_SELECTOR = YES;
				GCC_WARN_UNINITIALIZED_AUTOS = YES_AGGRESSIVE;
				GCC_WARN_UNUSED_FUNCTION = YES;
				GCC_WARN_UNUSED_VARIABLE = YES;
				IPHONEOS_DEPLOYMENT_TARGET = 11.4;
				MTL_ENABLE_DEBUG_INFO = NO;
				SDKROOT = iphoneos;
				SWIFT_COMPILATION_MODE = wholemodule;
				SWIFT_OPTIMIZATION_LEVEL = "-O";
				VALIDATE_PRODUCT = YES;
			};
			name = Release;
		};
		386FB1C220C49B72006A93BA /* Debug */ = {
			isa = XCBuildConfiguration;
			baseConfigurationReference = F3640507C14B6B8B154D09F1 /* Pods-Example.debug.xcconfig */;
			buildSettings = {
				ASSETCATALOG_COMPILER_APPICON_NAME = AppIcon;
				CODE_SIGN_STYLE = Automatic;
				INFOPLIST_FILE = Example/Info.plist;
				IPHONEOS_DEPLOYMENT_TARGET = 9.0;
				LD_RUNPATH_SEARCH_PATHS = (
					"$(inherited)",
					"@executable_path/Frameworks",
				);
				PRODUCT_BUNDLE_IDENTIFIER = com.messagekit.MessageInputBar.Example;
				PRODUCT_NAME = "$(TARGET_NAME)";
				SWIFT_VERSION = 4.2;
				TARGETED_DEVICE_FAMILY = "1,2";
			};
			name = Debug;
		};
		386FB1C320C49B72006A93BA /* Release */ = {
			isa = XCBuildConfiguration;
			baseConfigurationReference = E41573B0652E6E942E37F7E2 /* Pods-Example.release.xcconfig */;
			buildSettings = {
				ASSETCATALOG_COMPILER_APPICON_NAME = AppIcon;
				CODE_SIGN_STYLE = Automatic;
				INFOPLIST_FILE = Example/Info.plist;
				IPHONEOS_DEPLOYMENT_TARGET = 9.0;
				LD_RUNPATH_SEARCH_PATHS = (
					"$(inherited)",
					"@executable_path/Frameworks",
				);
				PRODUCT_BUNDLE_IDENTIFIER = com.messagekit.MessageInputBar.Example;
				PRODUCT_NAME = "$(TARGET_NAME)";
				SWIFT_VERSION = 4.2;
				TARGETED_DEVICE_FAMILY = "1,2";
			};
			name = Release;
		};
/* End XCBuildConfiguration section */

/* Begin XCConfigurationList section */
		386FB1AA20C49B71006A93BA /* Build configuration list for PBXProject "Example" */ = {
			isa = XCConfigurationList;
			buildConfigurations = (
				386FB1BF20C49B72006A93BA /* Debug */,
				386FB1C020C49B72006A93BA /* Release */,
			);
			defaultConfigurationIsVisible = 0;
			defaultConfigurationName = Release;
		};
		386FB1C120C49B72006A93BA /* Build configuration list for PBXNativeTarget "Example" */ = {
			isa = XCConfigurationList;
			buildConfigurations = (
				386FB1C220C49B72006A93BA /* Debug */,
				386FB1C320C49B72006A93BA /* Release */,
			);
			defaultConfigurationIsVisible = 0;
			defaultConfigurationName = Release;
		};
/* End XCConfigurationList section */
	};
	rootObject = 386FB1A720C49B71006A93BA /* Project object */;
}
